
Microsoft Visual Studio Solution File, Format Version 12.00
# Visual Studio Version 16
VisualStudioVersion = 16.0.30011.22
MinimumVisualStudioVersion = 10.0.40219.1
Project("{FAE04EC0-301F-11D3-BF4B-00C04F79EFBC}") = "LibraryManagementSystemWF", "LibraryManagementSystemWF\LibraryManagementSystemWF.csproj", "{5377224D-CF43-4397-9148-B3F50AFFA774}"
EndProject
Project("{FAE04EC0-301F-11D3-BF4B-00C04F79EFBC}") = "LibraryManagementSystemWF.Exceptions", "LibraryManagementSystemWFEntities\LibraryManagementSystemWF.Exceptions.csproj", "{68BF2BF4-60E1-4ED6-B86E-1020371D9F4C}"
EndProject
Project("{FAE04EC0-301F-11D3-BF4B-00C04F79EFBC}") = "LibraryManagementSystemWF.DAL", "LibraryManagementSystemWF.DLL\LibraryManagementSystemWF.DAL.csproj", "{0511458F-DFE8-466B-85B4-4C1121063CFB}"
EndProject
Project("{FAE04EC0-301F-11D3-BF4B-00C04F79EFBC}") = "LibraryManagentSystemWF.BLL", "LibraryManagentSystemEF.BLL\LibraryManagentSystemWF.BLL.csproj", "{419DE7B5-0DB9-4541-BB11-CC9AF45E3F82}"
EndProject
Project("{FAE04EC0-301F-11D3-BF4B-00C04F79EFBC}") = "LibraryManagementSystemWF.Entities", "LibraryManagementSystemWF.Entities\LibraryManagementSystemWF.Entities.csproj", "{5C85514B-6550-4E4A-A2E1-F1A4B392AB4A}"
EndProject
Global
	GlobalSection(SolutionConfigurationPlatforms) = preSolution
		Debug|Any CPU = Debug|Any CPU
		Release|Any CPU = Release|Any CPU
	EndGlobalSection
	GlobalSection(ProjectConfigurationPlatforms) = postSolution
		{5377224D-CF43-4397-9148-B3F50AFFA774}.Debug|Any CPU.ActiveCfg = Debug|Any CPU
		{5377224D-CF43-4397-9148-B3F50AFFA774}.Debug|Any CPU.Build.0 = Debug|Any CPU
		{5377224D-CF43-4397-9148-B3F50AFFA774}.Release|Any CPU.ActiveCfg = Release|Any CPU
		{5377224D-CF43-4397-9148-B3F50AFFA774}.Release|Any CPU.Build.0 = Release|Any CPU
		{68BF2BF4-60E1-4ED6-B86E-1020371D9F4C}.Debug|Any CPU.ActiveCfg = Debug|Any CPU
		{68BF2BF4-60E1-4ED6-B86E-1020371D9F4C}.Debug|Any CPU.Build.0 = Debug|Any CPU
		{68BF2BF4-60E1-4ED6-B86E-1020371D9F4C}.Release|Any CPU.ActiveCfg = Release|Any CPU
		{68BF2BF4-60E1-4ED6-B86E-1020371D9F4C}.Release|Any CPU.Build.0 = Release|Any CPU
		{0511458F-DFE8-466B-85B4-4C1121063CFB}.Debug|Any CPU.ActiveCfg = Debug|Any CPU
		{0511458F-DFE8-466B-85B4-4C1121063CFB}.Debug|Any CPU.Build.0 = Debug|Any CPU
		{0511458F-DFE8-466B-85B4-4C1121063CFB}.Release|Any CPU.ActiveCfg = Release|Any CPU
		{0511458F-DFE8-466B-85B4-4C1121063CFB}.Release|Any CPU.Build.0 = Release|Any CPU
		{419DE7B5-0DB9-4541-BB11-CC9AF45E3F82}.Debug|Any CPU.ActiveCfg = Debug|Any CPU
		{419DE7B5-0DB9-4541-BB11-CC9AF45E3F82}.Debug|Any CPU.Build.0 = Debug|Any CPU
		{419DE7B5-0DB9-4541-BB11-CC9AF45E3F82}.Release|Any CPU.ActiveCfg = Release|Any CPU
		{419DE7B5-0DB9-4541-BB11-CC9AF45E3F82}.Release|Any CPU.Build.0 = Release|Any CPU
		{5C85514B-6550-4E4A-A2E1-F1A4B392AB4A}.Debug|Any CPU.ActiveCfg = Debug|Any CPU
		{5C85514B-6550-4E4A-A2E1-F1A4B392AB4A}.Debug|Any CPU.Build.0 = Debug|Any CPU
		{5C85514B-6550-4E4A-A2E1-F1A4B392AB4A}.Release|Any CPU.ActiveCfg = Release|Any CPU
		{5C85514B-6550-4E4A-A2E1-F1A4B392AB4A}.Release|Any CPU.Build.0 = Release|Any CPU
	EndGlobalSection
	GlobalSection(SolutionProperties) = preSolution
		HideSolutionNode = FALSE
	EndGlobalSection
	GlobalSection(ExtensibilityGlobals) = postSolution
		SolutionGuid = {4BDD7A04-C838-4A27-9E2F-0AB57A1C8BE0}
	EndGlobalSection
EndGlobal
